
Microsoft Visual Studio Solution File, Format Version 12.00
# Visual Studio Version 16
VisualStudioVersion = 16.0.30413.136
MinimumVisualStudioVersion = 10.0.40219.1
Project("{FAE04EC0-301F-11D3-BF4B-00C04F79EFBC}") = "TraceMap", "TraceMap\TraceMap.csproj", "{BE5ED00E-B4BD-49D0-B225-6B2AD001BEE2}"
EndProject
Global
	GlobalSection(SolutionConfigurationPlatforms) = preSolution
		Debug|Any CPU = Debug|Any CPU
		Release|Any CPU = Release|Any CPU
	EndGlobalSection
	GlobalSection(ProjectConfigurationPlatforms) = postSolution
		{BE5ED00E-B4BD-49D0-B225-6B2AD001BEE2}.Debug|Any CPU.ActiveCfg = Debug|Any CPU
		{BE5ED00E-B4BD-49D0-B225-6B2AD001BEE2}.Debug|Any CPU.Build.0 = Debug|Any CPU
		{BE5ED00E-B4BD-49D0-B225-6B2AD001BEE2}.Release|Any CPU.ActiveCfg = Release|Any CPU
		{BE5ED00E-B4BD-49D0-B225-6B2AD001BEE2}.Release|Any CPU.Build.0 = Release|Any CPU
	EndGlobalSection
	GlobalSection(SolutionProperties) = preSolution
		HideSolutionNode = FALSE
	EndGlobalSection
	GlobalSection(ExtensibilityGlobals) = postSolution
		SolutionGuid = {6D53C89F-1808-46A9-9749-537C23B68261}
	EndGlobalSection
EndGlobal
