
Microsoft Visual Studio Solution File, Format Version 12.00
# Visual Studio Version 16
VisualStudioVersion = 16.0.30413.136
MinimumVisualStudioVersion = 10.0.40219.1
Project("{9A19103F-16F7-4668-BE54-9A1E7A4F7556}") = "TraceMap.Cli", "TraceMap.Cli\TraceMap.Cli.csproj", "{BE5ED00E-B4BD-49D0-B225-6B2AD001BEE2}"
EndProject
Project("{9A19103F-16F7-4668-BE54-9A1E7A4F7556}") = "TraceMap.Draw", "TraceMap.Draw\TraceMap.Draw.csproj", "{AD8F1DE7-3E40-43FD-9AB2-ACB470B3D572}"
EndProject
Project("{9A19103F-16F7-4668-BE54-9A1E7A4F7556}") = "TraceMap.Common", "TraceMap.Common\TraceMap.Common.csproj", "{4F01E43C-F934-4873-9B6F-77C78C4E51A3}"
EndProject
Global
	GlobalSection(SolutionConfigurationPlatforms) = preSolution
		Debug|Any CPU = Debug|Any CPU
		Release|Any CPU = Release|Any CPU
	EndGlobalSection
	GlobalSection(ProjectConfigurationPlatforms) = postSolution
		{BE5ED00E-B4BD-49D0-B225-6B2AD001BEE2}.Debug|Any CPU.ActiveCfg = Debug|Any CPU
		{BE5ED00E-B4BD-49D0-B225-6B2AD001BEE2}.Debug|Any CPU.Build.0 = Debug|Any CPU
		{BE5ED00E-B4BD-49D0-B225-6B2AD001BEE2}.Release|Any CPU.ActiveCfg = Release|Any CPU
		{BE5ED00E-B4BD-49D0-B225-6B2AD001BEE2}.Release|Any CPU.Build.0 = Release|Any CPU
		{AD8F1DE7-3E40-43FD-9AB2-ACB470B3D572}.Debug|Any CPU.ActiveCfg = Debug|Any CPU
		{AD8F1DE7-3E40-43FD-9AB2-ACB470B3D572}.Debug|Any CPU.Build.0 = Debug|Any CPU
		{AD8F1DE7-3E40-43FD-9AB2-ACB470B3D572}.Release|Any CPU.ActiveCfg = Release|Any CPU
		{AD8F1DE7-3E40-43FD-9AB2-ACB470B3D572}.Release|Any CPU.Build.0 = Release|Any CPU
		{4F01E43C-F934-4873-9B6F-77C78C4E51A3}.Debug|Any CPU.ActiveCfg = Debug|Any CPU
		{4F01E43C-F934-4873-9B6F-77C78C4E51A3}.Debug|Any CPU.Build.0 = Debug|Any CPU
		{4F01E43C-F934-4873-9B6F-77C78C4E51A3}.Release|Any CPU.ActiveCfg = Release|Any CPU
		{4F01E43C-F934-4873-9B6F-77C78C4E51A3}.Release|Any CPU.Build.0 = Release|Any CPU
	EndGlobalSection
	GlobalSection(SolutionProperties) = preSolution
		HideSolutionNode = FALSE
	EndGlobalSection
	GlobalSection(ExtensibilityGlobals) = postSolution
		SolutionGuid = {6D53C89F-1808-46A9-9749-537C23B68261}
	EndGlobalSection
EndGlobal
